
Microsoft Visual Studio Solution File, Format Version 12.00
# Visual Studio Version 16
VisualStudioVersion = 16.0.31605.320
MinimumVisualStudioVersion = 10.0.40219.1
Project("{FAE04EC0-301F-11D3-BF4B-00C04F79EFBC}") = "EmailSendMessage", "EmailSendMessage\EmailSendMessage.csproj", "{ED9A8A4B-7EBD-4917-8D61-EFE1796D47F3}"
EndProject
Global
	GlobalSection(SolutionConfigurationPlatforms) = preSolution
		Debug|Any CPU = Debug|Any CPU
		Release|Any CPU = Release|Any CPU
	EndGlobalSection
	GlobalSection(ProjectConfigurationPlatforms) = postSolution
		{ED9A8A4B-7EBD-4917-8D61-EFE1796D47F3}.Debug|Any CPU.ActiveCfg = Debug|Any CPU
		{ED9A8A4B-7EBD-4917-8D61-EFE1796D47F3}.Debug|Any CPU.Build.0 = Debug|Any CPU
		{ED9A8A4B-7EBD-4917-8D61-EFE1796D47F3}.Release|Any CPU.ActiveCfg = Release|Any CPU
		{ED9A8A4B-7EBD-4917-8D61-EFE1796D47F3}.Release|Any CPU.Build.0 = Release|Any CPU
	EndGlobalSection
	GlobalSection(SolutionProperties) = preSolution
		HideSolutionNode = FALSE
	EndGlobalSection
	GlobalSection(ExtensibilityGlobals) = postSolution
		SolutionGuid = {797BC880-70BC-4780-862B-18790A13BEB4}
	EndGlobalSection
EndGlobal
